
Microsoft Visual Studio Solution File, Format Version 12.00
# Visual Studio Version 17
VisualStudioVersion = 17.0.31903.59
MinimumVisualStudioVersion = 10.0.40219.1
Project("{FAE04EC0-301F-11D3-BF4B-00C04F79EFBC}") = "Praktikum W14", "Praktikum W14\Praktikum W14.csproj", "{8EC90C66-7805-41CE-9AEA-CF32DFF6EDD1}"
EndProject
Global
	GlobalSection(SolutionConfigurationPlatforms) = preSolution
		Debug|Any CPU = Debug|Any CPU
		Release|Any CPU = Release|Any CPU
	EndGlobalSection
	GlobalSection(ProjectConfigurationPlatforms) = postSolution
		{8EC90C66-7805-41CE-9AEA-CF32DFF6EDD1}.Debug|Any CPU.ActiveCfg = Debug|Any CPU
		{8EC90C66-7805-41CE-9AEA-CF32DFF6EDD1}.Debug|Any CPU.Build.0 = Debug|Any CPU
		{8EC90C66-7805-41CE-9AEA-CF32DFF6EDD1}.Release|Any CPU.ActiveCfg = Release|Any CPU
		{8EC90C66-7805-41CE-9AEA-CF32DFF6EDD1}.Release|Any CPU.Build.0 = Release|Any CPU
	EndGlobalSection
	GlobalSection(SolutionProperties) = preSolution
		HideSolutionNode = FALSE
	EndGlobalSection
	GlobalSection(ExtensibilityGlobals) = postSolution
		SolutionGuid = {58810BD0-A74D-4E1C-90BA-2FD1CDE4F856}
	EndGlobalSection
EndGlobal
